
Microsoft Visual Studio Solution File, Format Version 12.00
# Visual Studio Version 16
VisualStudioVersion = 16.0.31515.178
MinimumVisualStudioVersion = 10.0.40219.1
Project("{9A19103F-16F7-4668-BE54-9A1E7A4F7556}") = "Day1", "Day1\Day1.csproj", "{36FD27B1-AC4C-4B54-9A0A-A2213FE203B1}"
EndProject
Project("{9A19103F-16F7-4668-BE54-9A1E7A4F7556}") = "Helper", "Helper\Helper.csproj", "{25B6D3F9-BCFF-4F5C-A339-12A948DA5DF9}"
EndProject
Project("{9A19103F-16F7-4668-BE54-9A1E7A4F7556}") = "Day2", "Day2\Day2.csproj", "{19B4EA80-00E0-48E6-B039-FBC3B0D2CFB6}"
EndProject
Project("{9A19103F-16F7-4668-BE54-9A1E7A4F7556}") = "CalendarBenchmark", "CalendarBenchmark\CalendarBenchmark.csproj", "{C30F8138-1CDC-42B1-82B3-0476B0D5CF53}"
EndProject
Project("{9A19103F-16F7-4668-BE54-9A1E7A4F7556}") = "Day3", "Day3\Day3.csproj", "{459B56DC-5ABA-40EC-B476-C3225387D40A}"
EndProject
Project("{9A19103F-16F7-4668-BE54-9A1E7A4F7556}") = "Day4", "Day4\Day4.csproj", "{E0E859A7-462E-4028-8441-2B533D3CCDD2}"
EndProject
Project("{FAE04EC0-301F-11D3-BF4B-00C04F79EFBC}") = "Day5", "Day5\Day5.csproj", "{5EC911F6-1E48-4A8B-8162-AB1E9AB31A89}"
EndProject
Global
	GlobalSection(SolutionConfigurationPlatforms) = preSolution
		Debug|Any CPU = Debug|Any CPU
		Release|Any CPU = Release|Any CPU
	EndGlobalSection
	GlobalSection(ProjectConfigurationPlatforms) = postSolution
		{36FD27B1-AC4C-4B54-9A0A-A2213FE203B1}.Debug|Any CPU.ActiveCfg = Debug|Any CPU
		{36FD27B1-AC4C-4B54-9A0A-A2213FE203B1}.Debug|Any CPU.Build.0 = Debug|Any CPU
		{36FD27B1-AC4C-4B54-9A0A-A2213FE203B1}.Release|Any CPU.ActiveCfg = Release|Any CPU
		{36FD27B1-AC4C-4B54-9A0A-A2213FE203B1}.Release|Any CPU.Build.0 = Release|Any CPU
		{25B6D3F9-BCFF-4F5C-A339-12A948DA5DF9}.Debug|Any CPU.ActiveCfg = Debug|Any CPU
		{25B6D3F9-BCFF-4F5C-A339-12A948DA5DF9}.Debug|Any CPU.Build.0 = Debug|Any CPU
		{25B6D3F9-BCFF-4F5C-A339-12A948DA5DF9}.Release|Any CPU.ActiveCfg = Release|Any CPU
		{25B6D3F9-BCFF-4F5C-A339-12A948DA5DF9}.Release|Any CPU.Build.0 = Release|Any CPU
		{19B4EA80-00E0-48E6-B039-FBC3B0D2CFB6}.Debug|Any CPU.ActiveCfg = Debug|Any CPU
		{19B4EA80-00E0-48E6-B039-FBC3B0D2CFB6}.Debug|Any CPU.Build.0 = Debug|Any CPU
		{19B4EA80-00E0-48E6-B039-FBC3B0D2CFB6}.Release|Any CPU.ActiveCfg = Release|Any CPU
		{19B4EA80-00E0-48E6-B039-FBC3B0D2CFB6}.Release|Any CPU.Build.0 = Release|Any CPU
		{C30F8138-1CDC-42B1-82B3-0476B0D5CF53}.Debug|Any CPU.ActiveCfg = Debug|Any CPU
		{C30F8138-1CDC-42B1-82B3-0476B0D5CF53}.Debug|Any CPU.Build.0 = Debug|Any CPU
		{C30F8138-1CDC-42B1-82B3-0476B0D5CF53}.Release|Any CPU.ActiveCfg = Release|Any CPU
		{C30F8138-1CDC-42B1-82B3-0476B0D5CF53}.Release|Any CPU.Build.0 = Release|Any CPU
		{459B56DC-5ABA-40EC-B476-C3225387D40A}.Debug|Any CPU.ActiveCfg = Debug|Any CPU
		{459B56DC-5ABA-40EC-B476-C3225387D40A}.Debug|Any CPU.Build.0 = Debug|Any CPU
		{459B56DC-5ABA-40EC-B476-C3225387D40A}.Release|Any CPU.ActiveCfg = Release|Any CPU
		{459B56DC-5ABA-40EC-B476-C3225387D40A}.Release|Any CPU.Build.0 = Release|Any CPU
		{E0E859A7-462E-4028-8441-2B533D3CCDD2}.Debug|Any CPU.ActiveCfg = Debug|Any CPU
		{E0E859A7-462E-4028-8441-2B533D3CCDD2}.Debug|Any CPU.Build.0 = Debug|Any CPU
		{E0E859A7-462E-4028-8441-2B533D3CCDD2}.Release|Any CPU.ActiveCfg = Release|Any CPU
		{E0E859A7-462E-4028-8441-2B533D3CCDD2}.Release|Any CPU.Build.0 = Release|Any CPU
		{5EC911F6-1E48-4A8B-8162-AB1E9AB31A89}.Debug|Any CPU.ActiveCfg = Debug|Any CPU
		{5EC911F6-1E48-4A8B-8162-AB1E9AB31A89}.Debug|Any CPU.Build.0 = Debug|Any CPU
		{5EC911F6-1E48-4A8B-8162-AB1E9AB31A89}.Release|Any CPU.ActiveCfg = Release|Any CPU
		{5EC911F6-1E48-4A8B-8162-AB1E9AB31A89}.Release|Any CPU.Build.0 = Release|Any CPU
	EndGlobalSection
	GlobalSection(SolutionProperties) = preSolution
		HideSolutionNode = FALSE
	EndGlobalSection
	GlobalSection(ExtensibilityGlobals) = postSolution
		SolutionGuid = {DD7D664F-DF6A-4F4A-946B-887DD6F44D3C}
	EndGlobalSection
EndGlobal
